// !$*UTF8*$!
{
	archiveVersion = 1;
	classes = {
	};
	objectVersion = 56;
	objects = {

/* Begin PBXBuildFile section */
		5710E97529843D490033CA82 /* Units.swift in Sources */ = {isa = PBXBuildFile; fileRef = 5710E97429843D490033CA82 /* Units.swift */; };
		573C5673299189DE00ABC7E6 /* HabitManager.swift in Sources */ = {isa = PBXBuildFile; fileRef = 573C5672299189DE00ABC7E6 /* HabitManager.swift */; };
		575D287C2976B7EA00C02513 /* CreateHabit.swift in Sources */ = {isa = PBXBuildFile; fileRef = 575D287B2976B7EA00C02513 /* CreateHabit.swift */; };
		575D287E2976B7FE00C02513 /* CreateHabit-ViewModel.swift in Sources */ = {isa = PBXBuildFile; fileRef = 575D287D2976B7FE00C02513 /* CreateHabit-ViewModel.swift */; };
		579025E829755FAC009649D0 /* Home.swift in Sources */ = {isa = PBXBuildFile; fileRef = 579025E729755FAC009649D0 /* Home.swift */; };
		579025EA29755FBC009649D0 /* Home-ViewModel.swift in Sources */ = {isa = PBXBuildFile; fileRef = 579025E929755FBC009649D0 /* Home-ViewModel.swift */; };
		579025EC29755FDB009649D0 /* Stats.swift in Sources */ = {isa = PBXBuildFile; fileRef = 579025EB29755FDB009649D0 /* Stats.swift */; };
		579025EE29755FE5009649D0 /* Stats-ViewModel.swift in Sources */ = {isa = PBXBuildFile; fileRef = 579025ED29755FE5009649D0 /* Stats-ViewModel.swift */; };
		579025F02975602A009649D0 /* Profile.swift in Sources */ = {isa = PBXBuildFile; fileRef = 579025EF2975602A009649D0 /* Profile.swift */; };
		579025F229756034009649D0 /* Profile-ViewModel.swift in Sources */ = {isa = PBXBuildFile; fileRef = 579025F129756034009649D0 /* Profile-ViewModel.swift */; };
		579025F429756061009649D0 /* Settings.swift in Sources */ = {isa = PBXBuildFile; fileRef = 579025F329756061009649D0 /* Settings.swift */; };
		579025F62975606D009649D0 /* Settings-ViewModel.swift in Sources */ = {isa = PBXBuildFile; fileRef = 579025F52975606D009649D0 /* Settings-ViewModel.swift */; };
		579025FB297560CC009649D0 /* Habitus.xcdatamodeld in Sources */ = {isa = PBXBuildFile; fileRef = 579025F9297560CC009649D0 /* Habitus.xcdatamodeld */; };
		579025FD29757014009649D0 /* QuickWeek.swift in Sources */ = {isa = PBXBuildFile; fileRef = 579025FC29757014009649D0 /* QuickWeek.swift */; };
		579025FF29757024009649D0 /* QuickWeek-ViewModel.swift in Sources */ = {isa = PBXBuildFile; fileRef = 579025FE29757024009649D0 /* QuickWeek-ViewModel.swift */; };
		57A6E66A297454D7004AA69C /* FileManager-DocumentsDirectory.swift in Sources */ = {isa = PBXBuildFile; fileRef = 57A6E669297454D7004AA69C /* FileManager-DocumentsDirectory.swift */; };
		57A6E66C2974577F004AA69C /* ContentView-ViewModel.swift in Sources */ = {isa = PBXBuildFile; fileRef = 57A6E66B2974577F004AA69C /* ContentView-ViewModel.swift */; };
		57B2467A2998560600D9C2B0 /* HabitListView.swift in Sources */ = {isa = PBXBuildFile; fileRef = 57B246792998560600D9C2B0 /* HabitListView.swift */; };
		57B2467C2998561700D9C2B0 /* HabitListView-ViewModel.swift in Sources */ = {isa = PBXBuildFile; fileRef = 57B2467B2998561700D9C2B0 /* HabitListView-ViewModel.swift */; };
		57B307492995A80600D34D22 /* SwipeButton.swift in Sources */ = {isa = PBXBuildFile; fileRef = 57B307482995A80600D34D22 /* SwipeButton.swift */; };
		57B3074B2995A81800D34D22 /* SwipeButton-ViewModel.swift in Sources */ = {isa = PBXBuildFile; fileRef = 57B3074A2995A81800D34D22 /* SwipeButton-ViewModel.swift */; };
		57B4050629784958008D2371 /* Habit+CoreDataClass.swift in Sources */ = {isa = PBXBuildFile; fileRef = 57B4050029784958008D2371 /* Habit+CoreDataClass.swift */; };
		57B4050729784958008D2371 /* Habit+CoreDataProperties.swift in Sources */ = {isa = PBXBuildFile; fileRef = 57B4050129784958008D2371 /* Habit+CoreDataProperties.swift */; };
		57B4050829784958008D2371 /* HabitProgress+CoreDataClass.swift in Sources */ = {isa = PBXBuildFile; fileRef = 57B4050229784958008D2371 /* HabitProgress+CoreDataClass.swift */; };
		57B4050929784958008D2371 /* HabitProgress+CoreDataProperties.swift in Sources */ = {isa = PBXBuildFile; fileRef = 57B4050329784958008D2371 /* HabitProgress+CoreDataProperties.swift */; };
		57B4050E297849E6008D2371 /* Reminders+CoreDataClass.swift in Sources */ = {isa = PBXBuildFile; fileRef = 57B4050C297849E6008D2371 /* Reminders+CoreDataClass.swift */; };
		57B4050F297849E6008D2371 /* Reminders+CoreDataProperties.swift in Sources */ = {isa = PBXBuildFile; fileRef = 57B4050D297849E6008D2371 /* Reminders+CoreDataProperties.swift */; };
		57B4051129784E5E008D2371 /* DataController.swift in Sources */ = {isa = PBXBuildFile; fileRef = 57B4051029784E5E008D2371 /* DataController.swift */; };
		57B4051829789D0A008D2371 /* IconPicker.swift in Sources */ = {isa = PBXBuildFile; fileRef = 57B4051729789D0A008D2371 /* IconPicker.swift */; };
		57B4051A29789D7F008D2371 /* IconPicker-ViewModel.swift in Sources */ = {isa = PBXBuildFile; fileRef = 57B4051929789D7F008D2371 /* IconPicker-ViewModel.swift */; };
		57B4051F2978A336008D2371 /* ColorBlended.swift in Sources */ = {isa = PBXBuildFile; fileRef = 57B4051E2978A336008D2371 /* ColorBlended.swift */; };
		57C151AB28FC3602002BD16A /* HabitusApp.swift in Sources */ = {isa = PBXBuildFile; fileRef = 57C151AA28FC3602002BD16A /* HabitusApp.swift */; };
		57C151AD28FC3602002BD16A /* ContentView.swift in Sources */ = {isa = PBXBuildFile; fileRef = 57C151AC28FC3602002BD16A /* ContentView.swift */; };
		57C151AF28FC3603002BD16A /* Assets.xcassets in Resources */ = {isa = PBXBuildFile; fileRef = 57C151AE28FC3603002BD16A /* Assets.xcassets */; };
		57C151B228FC3603002BD16A /* Preview Assets.xcassets in Resources */ = {isa = PBXBuildFile; fileRef = 57C151B128FC3603002BD16A /* Preview Assets.xcassets */; };
		57D5B2792979C60F00F5D926 /* CustomColorPicker.swift in Sources */ = {isa = PBXBuildFile; fileRef = 57D5B2782979C60F00F5D926 /* CustomColorPicker.swift */; };
		57D5B27B2979C61F00F5D926 /* CustomColorPicker-ViewModel.swift in Sources */ = {isa = PBXBuildFile; fileRef = 57D5B27A2979C61F00F5D926 /* CustomColorPicker-ViewModel.swift */; };
		57D810822975895000B2DB18 /* Date.swift in Sources */ = {isa = PBXBuildFile; fileRef = 57D810812975895000B2DB18 /* Date.swift */; };
		57DB0C64297741E900CC8884 /* ContextMenu.swift in Sources */ = {isa = PBXBuildFile; fileRef = 57DB0C63297741E800CC8884 /* ContextMenu.swift */; };
		57DB0C662977423C00CC8884 /* ContextMenu-ViewModel.swift in Sources */ = {isa = PBXBuildFile; fileRef = 57DB0C652977423C00CC8884 /* ContextMenu-ViewModel.swift */; };
		57FE89F12971C56A008287AF /* Welcome.swift in Sources */ = {isa = PBXBuildFile; fileRef = 57FE89F02971C56A008287AF /* Welcome.swift */; };
		57FE89F32971C7D0008287AF /* UserDefaults.swift in Sources */ = {isa = PBXBuildFile; fileRef = 57FE89F22971C7D0008287AF /* UserDefaults.swift */; };
		57FE89F82971E5DF008287AF /* Welcome-ViewModel.swift in Sources */ = {isa = PBXBuildFile; fileRef = 57FE89F72971E5DF008287AF /* Welcome-ViewModel.swift */; };
		57FE89FD297201CB008287AF /* Colors.swift in Sources */ = {isa = PBXBuildFile; fileRef = 57FE89FC297201CB008287AF /* Colors.swift */; };
		57FE89FF29720366008287AF /* Fonts in Resources */ = {isa = PBXBuildFile; fileRef = 57FE89FE29720366008287AF /* Fonts */; };
		57FE8A142973A427008287AF /* Modifiers.swift in Sources */ = {isa = PBXBuildFile; fileRef = 57FE8A132973A427008287AF /* Modifiers.swift */; };
		57FE8A162973B844008287AF /* ImagePicker.swift in Sources */ = {isa = PBXBuildFile; fileRef = 57FE8A152973B844008287AF /* ImagePicker.swift */; };
		57FED4F62979432000E70396 /* Constants.swift in Sources */ = {isa = PBXBuildFile; fileRef = 57FED4F52979432000E70396 /* Constants.swift */; };
/* End PBXBuildFile section */

/* Begin PBXFileReference section */
		5710E97429843D490033CA82 /* Units.swift */ = {isa = PBXFileReference; lastKnownFileType = sourcecode.swift; path = Units.swift; sourceTree = "<group>"; };
		573C5672299189DE00ABC7E6 /* HabitManager.swift */ = {isa = PBXFileReference; lastKnownFileType = sourcecode.swift; path = HabitManager.swift; sourceTree = "<group>"; };
		575D287B2976B7EA00C02513 /* CreateHabit.swift */ = {isa = PBXFileReference; lastKnownFileType = sourcecode.swift; path = CreateHabit.swift; sourceTree = "<group>"; };
		575D287D2976B7FE00C02513 /* CreateHabit-ViewModel.swift */ = {isa = PBXFileReference; lastKnownFileType = sourcecode.swift; path = "CreateHabit-ViewModel.swift"; sourceTree = "<group>"; };
		579025E729755FAC009649D0 /* Home.swift */ = {isa = PBXFileReference; lastKnownFileType = sourcecode.swift; path = Home.swift; sourceTree = "<group>"; };
		579025E929755FBC009649D0 /* Home-ViewModel.swift */ = {isa = PBXFileReference; lastKnownFileType = sourcecode.swift; path = "Home-ViewModel.swift"; sourceTree = "<group>"; };
		579025EB29755FDB009649D0 /* Stats.swift */ = {isa = PBXFileReference; lastKnownFileType = sourcecode.swift; path = Stats.swift; sourceTree = "<group>"; };
		579025ED29755FE5009649D0 /* Stats-ViewModel.swift */ = {isa = PBXFileReference; lastKnownFileType = sourcecode.swift; path = "Stats-ViewModel.swift"; sourceTree = "<group>"; };
		579025EF2975602A009649D0 /* Profile.swift */ = {isa = PBXFileReference; lastKnownFileType = sourcecode.swift; path = Profile.swift; sourceTree = "<group>"; };
		579025F129756034009649D0 /* Profile-ViewModel.swift */ = {isa = PBXFileReference; lastKnownFileType = sourcecode.swift; path = "Profile-ViewModel.swift"; sourceTree = "<group>"; };
		579025F329756061009649D0 /* Settings.swift */ = {isa = PBXFileReference; lastKnownFileType = sourcecode.swift; path = Settings.swift; sourceTree = "<group>"; };
		579025F52975606D009649D0 /* Settings-ViewModel.swift */ = {isa = PBXFileReference; lastKnownFileType = sourcecode.swift; path = "Settings-ViewModel.swift"; sourceTree = "<group>"; };
		579025FA297560CC009649D0 /* Habitus.xcdatamodel */ = {isa = PBXFileReference; lastKnownFileType = wrapper.xcdatamodel; path = Habitus.xcdatamodel; sourceTree = "<group>"; };
		579025FC29757014009649D0 /* QuickWeek.swift */ = {isa = PBXFileReference; lastKnownFileType = sourcecode.swift; path = QuickWeek.swift; sourceTree = "<group>"; };
		579025FE29757024009649D0 /* QuickWeek-ViewModel.swift */ = {isa = PBXFileReference; lastKnownFileType = sourcecode.swift; path = "QuickWeek-ViewModel.swift"; sourceTree = "<group>"; };
		57A6E669297454D7004AA69C /* FileManager-DocumentsDirectory.swift */ = {isa = PBXFileReference; lastKnownFileType = sourcecode.swift; path = "FileManager-DocumentsDirectory.swift"; sourceTree = "<group>"; };
		57A6E66B2974577F004AA69C /* ContentView-ViewModel.swift */ = {isa = PBXFileReference; lastKnownFileType = sourcecode.swift; path = "ContentView-ViewModel.swift"; sourceTree = "<group>"; };
		57B246792998560600D9C2B0 /* HabitListView.swift */ = {isa = PBXFileReference; lastKnownFileType = sourcecode.swift; path = HabitListView.swift; sourceTree = "<group>"; };
		57B2467B2998561700D9C2B0 /* HabitListView-ViewModel.swift */ = {isa = PBXFileReference; lastKnownFileType = sourcecode.swift; path = "HabitListView-ViewModel.swift"; sourceTree = "<group>"; };
		57B307482995A80600D34D22 /* SwipeButton.swift */ = {isa = PBXFileReference; lastKnownFileType = sourcecode.swift; path = SwipeButton.swift; sourceTree = "<group>"; };
		57B3074A2995A81800D34D22 /* SwipeButton-ViewModel.swift */ = {isa = PBXFileReference; lastKnownFileType = sourcecode.swift; path = "SwipeButton-ViewModel.swift"; sourceTree = "<group>"; };
		57B4050029784958008D2371 /* Habit+CoreDataClass.swift */ = {isa = PBXFileReference; lastKnownFileType = sourcecode.swift; path = "Habit+CoreDataClass.swift"; sourceTree = "<group>"; };
		57B4050129784958008D2371 /* Habit+CoreDataProperties.swift */ = {isa = PBXFileReference; lastKnownFileType = sourcecode.swift; path = "Habit+CoreDataProperties.swift"; sourceTree = "<group>"; };
		57B4050229784958008D2371 /* HabitProgress+CoreDataClass.swift */ = {isa = PBXFileReference; lastKnownFileType = sourcecode.swift; path = "HabitProgress+CoreDataClass.swift"; sourceTree = "<group>"; };
		57B4050329784958008D2371 /* HabitProgress+CoreDataProperties.swift */ = {isa = PBXFileReference; lastKnownFileType = sourcecode.swift; path = "HabitProgress+CoreDataProperties.swift"; sourceTree = "<group>"; };
		57B4050C297849E6008D2371 /* Reminders+CoreDataClass.swift */ = {isa = PBXFileReference; lastKnownFileType = sourcecode.swift; path = "Reminders+CoreDataClass.swift"; sourceTree = "<group>"; };
		57B4050D297849E6008D2371 /* Reminders+CoreDataProperties.swift */ = {isa = PBXFileReference; lastKnownFileType = sourcecode.swift; path = "Reminders+CoreDataProperties.swift"; sourceTree = "<group>"; };
		57B4051029784E5E008D2371 /* DataController.swift */ = {isa = PBXFileReference; lastKnownFileType = sourcecode.swift; path = DataController.swift; sourceTree = "<group>"; };
		57B4051729789D0A008D2371 /* IconPicker.swift */ = {isa = PBXFileReference; lastKnownFileType = sourcecode.swift; path = IconPicker.swift; sourceTree = "<group>"; };
		57B4051929789D7F008D2371 /* IconPicker-ViewModel.swift */ = {isa = PBXFileReference; lastKnownFileType = sourcecode.swift; path = "IconPicker-ViewModel.swift"; sourceTree = "<group>"; };
		57B4051E2978A336008D2371 /* ColorBlended.swift */ = {isa = PBXFileReference; lastKnownFileType = sourcecode.swift; path = ColorBlended.swift; sourceTree = "<group>"; };
		57C151A728FC3602002BD16A /* Habitus.app */ = {isa = PBXFileReference; explicitFileType = wrapper.application; includeInIndex = 0; path = Habitus.app; sourceTree = BUILT_PRODUCTS_DIR; };
		57C151AA28FC3602002BD16A /* HabitusApp.swift */ = {isa = PBXFileReference; lastKnownFileType = sourcecode.swift; path = HabitusApp.swift; sourceTree = "<group>"; };
		57C151AC28FC3602002BD16A /* ContentView.swift */ = {isa = PBXFileReference; lastKnownFileType = sourcecode.swift; path = ContentView.swift; sourceTree = "<group>"; };
		57C151AE28FC3603002BD16A /* Assets.xcassets */ = {isa = PBXFileReference; lastKnownFileType = folder.assetcatalog; path = Assets.xcassets; sourceTree = "<group>"; };
		57C151B128FC3603002BD16A /* Preview Assets.xcassets */ = {isa = PBXFileReference; lastKnownFileType = folder.assetcatalog; path = "Preview Assets.xcassets"; sourceTree = "<group>"; };
		57D5B2782979C60F00F5D926 /* CustomColorPicker.swift */ = {isa = PBXFileReference; lastKnownFileType = sourcecode.swift; path = CustomColorPicker.swift; sourceTree = "<group>"; };
		57D5B27A2979C61F00F5D926 /* CustomColorPicker-ViewModel.swift */ = {isa = PBXFileReference; lastKnownFileType = sourcecode.swift; path = "CustomColorPicker-ViewModel.swift"; sourceTree = "<group>"; };
		57D810812975895000B2DB18 /* Date.swift */ = {isa = PBXFileReference; lastKnownFileType = sourcecode.swift; path = Date.swift; sourceTree = "<group>"; };
		57DB0C63297741E800CC8884 /* ContextMenu.swift */ = {isa = PBXFileReference; lastKnownFileType = sourcecode.swift; path = ContextMenu.swift; sourceTree = "<group>"; };
		57DB0C652977423C00CC8884 /* ContextMenu-ViewModel.swift */ = {isa = PBXFileReference; lastKnownFileType = sourcecode.swift; path = "ContextMenu-ViewModel.swift"; sourceTree = "<group>"; };
		57DC9D28296CB23400CB58FA /* Info.plist */ = {isa = PBXFileReference; lastKnownFileType = text.plist; path = Info.plist; sourceTree = "<group>"; };
		57FE89F02971C56A008287AF /* Welcome.swift */ = {isa = PBXFileReference; lastKnownFileType = sourcecode.swift; path = Welcome.swift; sourceTree = "<group>"; };
		57FE89F22971C7D0008287AF /* UserDefaults.swift */ = {isa = PBXFileReference; lastKnownFileType = sourcecode.swift; path = UserDefaults.swift; sourceTree = "<group>"; };
		57FE89F72971E5DF008287AF /* Welcome-ViewModel.swift */ = {isa = PBXFileReference; lastKnownFileType = sourcecode.swift; path = "Welcome-ViewModel.swift"; sourceTree = "<group>"; };
		57FE89FC297201CB008287AF /* Colors.swift */ = {isa = PBXFileReference; lastKnownFileType = sourcecode.swift; path = Colors.swift; sourceTree = "<group>"; };
		57FE89FE29720366008287AF /* Fonts */ = {isa = PBXFileReference; lastKnownFileType = folder; path = Fonts; sourceTree = "<group>"; };
		57FE8A132973A427008287AF /* Modifiers.swift */ = {isa = PBXFileReference; lastKnownFileType = sourcecode.swift; path = Modifiers.swift; sourceTree = "<group>"; };
		57FE8A152973B844008287AF /* ImagePicker.swift */ = {isa = PBXFileReference; lastKnownFileType = sourcecode.swift; path = ImagePicker.swift; sourceTree = "<group>"; };
		57FED4F52979432000E70396 /* Constants.swift */ = {isa = PBXFileReference; lastKnownFileType = sourcecode.swift; path = Constants.swift; sourceTree = "<group>"; };
/* End PBXFileReference section */

/* Begin PBXFrameworksBuildPhase section */
		57C151A428FC3602002BD16A /* Frameworks */ = {
			isa = PBXFrameworksBuildPhase;
			buildActionMask = 2147483647;
			files = (
			);
			runOnlyForDeploymentPostprocessing = 0;
		};
/* End PBXFrameworksBuildPhase section */

/* Begin PBXGroup section */
		577696DE2992F73C007882EE /* Extensions */ = {
			isa = PBXGroup;
			children = (
				57FE89FC297201CB008287AF /* Colors.swift */,
				57D810812975895000B2DB18 /* Date.swift */,
			);
			path = Extensions;
			sourceTree = "<group>";
		};
		577696DF2992F749007882EE /* Modifiers */ = {
			isa = PBXGroup;
			children = (
				57B4051E2978A336008D2371 /* ColorBlended.swift */,
				57FE8A132973A427008287AF /* Modifiers.swift */,
			);
			path = Modifiers;
			sourceTree = "<group>";
		};
		577696E02992F7AF007882EE /* Image Handler */ = {
			isa = PBXGroup;
			children = (
				57FE8A152973B844008287AF /* ImagePicker.swift */,
			);
			path = "Image Handler";
			sourceTree = "<group>";
		};
		578B832729784876006F9056 /* Persistance */ = {
			isa = PBXGroup;
			children = (
				57B4051229785176008D2371 /* Property Files */,
				579025F9297560CC009649D0 /* Habitus.xcdatamodeld */,
				57B4051029784E5E008D2371 /* DataController.swift */,
			);
			path = Persistance;
			sourceTree = "<group>";
		};
		579025F72975608F009649D0 /* Root Views */ = {
			isa = PBXGroup;
			children = (
				57C151AC28FC3602002BD16A /* ContentView.swift */,
				57FE89F02971C56A008287AF /* Welcome.swift */,
			);
			path = "Root Views";
			sourceTree = "<group>";
		};
		579025F829756099009649D0 /* Root Views */ = {
			isa = PBXGroup;
			children = (
				57A6E66B2974577F004AA69C /* ContentView-ViewModel.swift */,
				57FE89F72971E5DF008287AF /* Welcome-ViewModel.swift */,
			);
			path = "Root Views";
			sourceTree = "<group>";
		};
		57B4051229785176008D2371 /* Property Files */ = {
			isa = PBXGroup;
			children = (
				57B4050029784958008D2371 /* Habit+CoreDataClass.swift */,
				57B4050129784958008D2371 /* Habit+CoreDataProperties.swift */,
				57B4050229784958008D2371 /* HabitProgress+CoreDataClass.swift */,
				57B4050329784958008D2371 /* HabitProgress+CoreDataProperties.swift */,
				57B4050C297849E6008D2371 /* Reminders+CoreDataClass.swift */,
				57B4050D297849E6008D2371 /* Reminders+CoreDataProperties.swift */,
			);
			path = "Property Files";
			sourceTree = "<group>";
		};
		57B4051329786E4A008D2371 /* SubViews */ = {
			isa = PBXGroup;
			children = (
				575D287B2976B7EA00C02513 /* CreateHabit.swift */,
			);
			path = SubViews;
			sourceTree = "<group>";
		};
		57B4051429786E56008D2371 /* SubView */ = {
			isa = PBXGroup;
			children = (
				575D287D2976B7FE00C02513 /* CreateHabit-ViewModel.swift */,
			);
			path = SubView;
			sourceTree = "<group>";
		};
		57C1519E28FC3602002BD16A = {
			isa = PBXGroup;
			children = (
				57C151A928FC3602002BD16A /* Habitus */,
				57C151A828FC3602002BD16A /* Products */,
			);
			sourceTree = "<group>";
		};
		57C151A828FC3602002BD16A /* Products */ = {
			isa = PBXGroup;
			children = (
				57C151A728FC3602002BD16A /* Habitus.app */,
			);
			name = Products;
			sourceTree = "<group>";
		};
		57C151A928FC3602002BD16A /* Habitus */ = {
			isa = PBXGroup;
			children = (
				57DC9D28296CB23400CB58FA /* Info.plist */,
				57C151AA28FC3602002BD16A /* HabitusApp.swift */,
				57FE89F42971C7D5008287AF /* Model */,
				57FE89F62971E5BF008287AF /* View */,
				57FE89F92971E5EB008287AF /* ViewModel */,
				57C151B028FC3603002BD16A /* Preview Content */,
				57C151AE28FC3603002BD16A /* Assets.xcassets */,
				57FE89FE29720366008287AF /* Fonts */,
			);
			path = Habitus;
			sourceTree = "<group>";
		};
		57C151B028FC3603002BD16A /* Preview Content */ = {
			isa = PBXGroup;
			children = (
				57C151B128FC3603002BD16A /* Preview Assets.xcassets */,
			);
			path = "Preview Content";
			sourceTree = "<group>";
		};
		57DB0C612977413800CC8884 /* Elements */ = {
			isa = PBXGroup;
			children = (
				57DB0C63297741E800CC8884 /* ContextMenu.swift */,
				57D5B2782979C60F00F5D926 /* CustomColorPicker.swift */,
				57B4051729789D0A008D2371 /* IconPicker.swift */,
				57B246792998560600D9C2B0 /* HabitListView.swift */,
				579025FC29757014009649D0 /* QuickWeek.swift */,
				57B307482995A80600D34D22 /* SwipeButton.swift */,
			);
			path = Elements;
			sourceTree = "<group>";
		};
		57DB0C622977414300CC8884 /* Elements */ = {
			isa = PBXGroup;
			children = (
				57DB0C652977423C00CC8884 /* ContextMenu-ViewModel.swift */,
				57D5B27A2979C61F00F5D926 /* CustomColorPicker-ViewModel.swift */,
				57B4051929789D7F008D2371 /* IconPicker-ViewModel.swift */,
				57B2467B2998561700D9C2B0 /* HabitListView-ViewModel.swift */,
				579025FE29757024009649D0 /* QuickWeek-ViewModel.swift */,
				57B3074A2995A81800D34D22 /* SwipeButton-ViewModel.swift */,
			);
			path = Elements;
			sourceTree = "<group>";
		};
		57F13345297E086A00F3BB49 /* NavBar Views */ = {
			isa = PBXGroup;
			children = (
				579025E729755FAC009649D0 /* Home.swift */,
				579025EB29755FDB009649D0 /* Stats.swift */,
				579025EF2975602A009649D0 /* Profile.swift */,
				579025F329756061009649D0 /* Settings.swift */,
			);
			path = "NavBar Views";
			sourceTree = "<group>";
		};
		57F13346297E087800F3BB49 /* NavBar Views */ = {
			isa = PBXGroup;
			children = (
				579025E929755FBC009649D0 /* Home-ViewModel.swift */,
				579025ED29755FE5009649D0 /* Stats-ViewModel.swift */,
				579025F129756034009649D0 /* Profile-ViewModel.swift */,
				579025F52975606D009649D0 /* Settings-ViewModel.swift */,
			);
			path = "NavBar Views";
			sourceTree = "<group>";
		};
		57FE89F42971C7D5008287AF /* Model */ = {
			isa = PBXGroup;
			children = (
				57FE89F52971C9A7008287AF /* DataManagement */,
				577696DE2992F73C007882EE /* Extensions */,
				577696DF2992F749007882EE /* Modifiers */,
				577696E02992F7AF007882EE /* Image Handler */,
				5710E97429843D490033CA82 /* Units.swift */,
				573C5672299189DE00ABC7E6 /* HabitManager.swift */,
			);
			path = Model;
			sourceTree = "<group>";
		};
		57FE89F52971C9A7008287AF /* DataManagement */ = {
			isa = PBXGroup;
			children = (
				578B832729784876006F9056 /* Persistance */,
				57FE89F22971C7D0008287AF /* UserDefaults.swift */,
				57A6E669297454D7004AA69C /* FileManager-DocumentsDirectory.swift */,
				57FED4F52979432000E70396 /* Constants.swift */,
			);
			path = DataManagement;
			sourceTree = "<group>";
		};
		57FE89F62971E5BF008287AF /* View */ = {
			isa = PBXGroup;
			children = (
				57F13345297E086A00F3BB49 /* NavBar Views */,
				57B4051329786E4A008D2371 /* SubViews */,
				57DB0C612977413800CC8884 /* Elements */,
				579025F72975608F009649D0 /* Root Views */,
			);
			path = View;
			sourceTree = "<group>";
		};
		57FE89F92971E5EB008287AF /* ViewModel */ = {
			isa = PBXGroup;
			children = (
				57F13346297E087800F3BB49 /* NavBar Views */,
				57B4051429786E56008D2371 /* SubView */,
				57DB0C622977414300CC8884 /* Elements */,
				579025F829756099009649D0 /* Root Views */,
			);
			path = ViewModel;
			sourceTree = "<group>";
		};
/* End PBXGroup section */

/* Begin PBXNativeTarget section */
		57C151A628FC3602002BD16A /* Habitus */ = {
			isa = PBXNativeTarget;
			buildConfigurationList = 57C151B528FC3603002BD16A /* Build configuration list for PBXNativeTarget "Habitus" */;
			buildPhases = (
				57C151A328FC3602002BD16A /* Sources */,
				57C151A428FC3602002BD16A /* Frameworks */,
				57C151A528FC3602002BD16A /* Resources */,
			);
			buildRules = (
			);
			dependencies = (
			);
			name = Habitus;
			packageProductDependencies = (
			);
			productName = Habitus;
			productReference = 57C151A728FC3602002BD16A /* Habitus.app */;
			productType = "com.apple.product-type.application";
		};
/* End PBXNativeTarget section */

/* Begin PBXProject section */
		57C1519F28FC3602002BD16A /* Project object */ = {
			isa = PBXProject;
			attributes = {
				BuildIndependentTargetsInParallel = 1;
				LastSwiftUpdateCheck = 1400;
				LastUpgradeCheck = 1400;
				TargetAttributes = {
					57C151A628FC3602002BD16A = {
						CreatedOnToolsVersion = 14.0.1;
					};
				};
			};
			buildConfigurationList = 57C151A228FC3602002BD16A /* Build configuration list for PBXProject "Habitus" */;
			compatibilityVersion = "Xcode 14.0";
			developmentRegion = en;
			hasScannedForEncodings = 0;
			knownRegions = (
				en,
				Base,
			);
			mainGroup = 57C1519E28FC3602002BD16A;
			packageReferences = (
			);
			productRefGroup = 57C151A828FC3602002BD16A /* Products */;
			projectDirPath = "";
			projectRoot = "";
			targets = (
				57C151A628FC3602002BD16A /* Habitus */,
			);
		};
/* End PBXProject section */

/* Begin PBXResourcesBuildPhase section */
		57C151A528FC3602002BD16A /* Resources */ = {
			isa = PBXResourcesBuildPhase;
			buildActionMask = 2147483647;
			files = (
				57FE89FF29720366008287AF /* Fonts in Resources */,
				57C151B228FC3603002BD16A /* Preview Assets.xcassets in Resources */,
				57C151AF28FC3603002BD16A /* Assets.xcassets in Resources */,
			);
			runOnlyForDeploymentPostprocessing = 0;
		};
/* End PBXResourcesBuildPhase section */

/* Begin PBXSourcesBuildPhase section */
		57C151A328FC3602002BD16A /* Sources */ = {
			isa = PBXSourcesBuildPhase;
			buildActionMask = 2147483647;
			files = (
				57A6E66A297454D7004AA69C /* FileManager-DocumentsDirectory.swift in Sources */,
				575D287E2976B7FE00C02513 /* CreateHabit-ViewModel.swift in Sources */,
				579025FF29757024009649D0 /* QuickWeek-ViewModel.swift in Sources */,
				579025F02975602A009649D0 /* Profile.swift in Sources */,
				575D287C2976B7EA00C02513 /* CreateHabit.swift in Sources */,
				57B4050F297849E6008D2371 /* Reminders+CoreDataProperties.swift in Sources */,
				57B4051129784E5E008D2371 /* DataController.swift in Sources */,
				57B4051829789D0A008D2371 /* IconPicker.swift in Sources */,
				57B4050829784958008D2371 /* HabitProgress+CoreDataClass.swift in Sources */,
				579025EC29755FDB009649D0 /* Stats.swift in Sources */,
				57B4050629784958008D2371 /* Habit+CoreDataClass.swift in Sources */,
				579025F429756061009649D0 /* Settings.swift in Sources */,
				57FE89F32971C7D0008287AF /* UserDefaults.swift in Sources */,
				57FE89F12971C56A008287AF /* Welcome.swift in Sources */,
				57D5B27B2979C61F00F5D926 /* CustomColorPicker-ViewModel.swift in Sources */,
				57B4050929784958008D2371 /* HabitProgress+CoreDataProperties.swift in Sources */,
				57B307492995A80600D34D22 /* SwipeButton.swift in Sources */,
				57B2467A2998560600D9C2B0 /* HabitListView.swift in Sources */,
				579025E829755FAC009649D0 /* Home.swift in Sources */,
				57FE89F82971E5DF008287AF /* Welcome-ViewModel.swift in Sources */,
				579025EA29755FBC009649D0 /* Home-ViewModel.swift in Sources */,
				57FE89FD297201CB008287AF /* Colors.swift in Sources */,
				57FE8A142973A427008287AF /* Modifiers.swift in Sources */,
				57FE8A162973B844008287AF /* ImagePicker.swift in Sources */,
				57DB0C64297741E900CC8884 /* ContextMenu.swift in Sources */,
				57B4051F2978A336008D2371 /* ColorBlended.swift in Sources */,
				579025EE29755FE5009649D0 /* Stats-ViewModel.swift in Sources */,
				579025F229756034009649D0 /* Profile-ViewModel.swift in Sources */,
				57A6E66C2974577F004AA69C /* ContentView-ViewModel.swift in Sources */,
				57B2467C2998561700D9C2B0 /* HabitListView-ViewModel.swift in Sources */,
				57B4050E297849E6008D2371 /* Reminders+CoreDataClass.swift in Sources */,
				57B4050729784958008D2371 /* Habit+CoreDataProperties.swift in Sources */,
				57DB0C662977423C00CC8884 /* ContextMenu-ViewModel.swift in Sources */,
				579025FB297560CC009649D0 /* Habitus.xcdatamodeld in Sources */,
				579025F62975606D009649D0 /* Settings-ViewModel.swift in Sources */,
				57C151AD28FC3602002BD16A /* ContentView.swift in Sources */,
				5710E97529843D490033CA82 /* Units.swift in Sources */,
				57D5B2792979C60F00F5D926 /* CustomColorPicker.swift in Sources */,
				57D810822975895000B2DB18 /* Date.swift in Sources */,
				57B4051A29789D7F008D2371 /* IconPicker-ViewModel.swift in Sources */,
				57C151AB28FC3602002BD16A /* HabitusApp.swift in Sources */,
				57FED4F62979432000E70396 /* Constants.swift in Sources */,
				579025FD29757014009649D0 /* QuickWeek.swift in Sources */,
				57B3074B2995A81800D34D22 /* SwipeButton-ViewModel.swift in Sources */,
				573C5673299189DE00ABC7E6 /* HabitManager.swift in Sources */,
			);
			runOnlyForDeploymentPostprocessing = 0;
		};
/* End PBXSourcesBuildPhase section */

/* Begin XCBuildConfiguration section */
		57C151B328FC3603002BD16A /* Debug */ = {
			isa = XCBuildConfiguration;
			buildSettings = {
				ALWAYS_SEARCH_USER_PATHS = NO;
				CLANG_ANALYZER_NONNULL = YES;
				CLANG_ANALYZER_NUMBER_OBJECT_CONVERSION = YES_AGGRESSIVE;
				CLANG_CXX_LANGUAGE_STANDARD = "gnu++20";
				CLANG_ENABLE_MODULES = YES;
				CLANG_ENABLE_OBJC_ARC = YES;
				CLANG_ENABLE_OBJC_WEAK = YES;
				CLANG_WARN_BLOCK_CAPTURE_AUTORELEASING = YES;
				CLANG_WARN_BOOL_CONVERSION = YES;
				CLANG_WARN_COMMA = YES;
				CLANG_WARN_CONSTANT_CONVERSION = YES;
				CLANG_WARN_DEPRECATED_OBJC_IMPLEMENTATIONS = YES;
				CLANG_WARN_DIRECT_OBJC_ISA_USAGE = YES_ERROR;
				CLANG_WARN_DOCUMENTATION_COMMENTS = YES;
				CLANG_WARN_EMPTY_BODY = YES;
				CLANG_WARN_ENUM_CONVERSION = YES;
				CLANG_WARN_INFINITE_RECURSION = YES;
				CLANG_WARN_INT_CONVERSION = YES;
				CLANG_WARN_NON_LITERAL_NULL_CONVERSION = YES;
				CLANG_WARN_OBJC_IMPLICIT_RETAIN_SELF = YES;
				CLANG_WARN_OBJC_LITERAL_CONVERSION = YES;
				CLANG_WARN_OBJC_ROOT_CLASS = YES_ERROR;
				CLANG_WARN_QUOTED_INCLUDE_IN_FRAMEWORK_HEADER = YES;
				CLANG_WARN_RANGE_LOOP_ANALYSIS = YES;
				CLANG_WARN_STRICT_PROTOTYPES = YES;
				CLANG_WARN_SUSPICIOUS_MOVE = YES;
				CLANG_WARN_UNGUARDED_AVAILABILITY = YES_AGGRESSIVE;
				CLANG_WARN_UNREACHABLE_CODE = YES;
				CLANG_WARN__DUPLICATE_METHOD_MATCH = YES;
				COPY_PHASE_STRIP = NO;
				DEBUG_INFORMATION_FORMAT = dwarf;
				ENABLE_STRICT_OBJC_MSGSEND = YES;
				ENABLE_TESTABILITY = YES;
				GCC_C_LANGUAGE_STANDARD = gnu11;
				GCC_DYNAMIC_NO_PIC = NO;
				GCC_NO_COMMON_BLOCKS = YES;
				GCC_OPTIMIZATION_LEVEL = 0;
				GCC_PREPROCESSOR_DEFINITIONS = (
					"DEBUG=1",
					"$(inherited)",
				);
				GCC_WARN_64_TO_32_BIT_CONVERSION = YES;
				GCC_WARN_ABOUT_RETURN_TYPE = YES_ERROR;
				GCC_WARN_UNDECLARED_SELECTOR = YES;
				GCC_WARN_UNINITIALIZED_AUTOS = YES_AGGRESSIVE;
				GCC_WARN_UNUSED_FUNCTION = YES;
				GCC_WARN_UNUSED_VARIABLE = YES;
				IPHONEOS_DEPLOYMENT_TARGET = 16.0;
				MTL_ENABLE_DEBUG_INFO = INCLUDE_SOURCE;
				MTL_FAST_MATH = YES;
				ONLY_ACTIVE_ARCH = YES;
				SDKROOT = iphoneos;
				SWIFT_ACTIVE_COMPILATION_CONDITIONS = DEBUG;
				SWIFT_OPTIMIZATION_LEVEL = "-Onone";
			};
			name = Debug;
		};
		57C151B428FC3603002BD16A /* Release */ = {
			isa = XCBuildConfiguration;
			buildSettings = {
				ALWAYS_SEARCH_USER_PATHS = NO;
				CLANG_ANALYZER_NONNULL = YES;
				CLANG_ANALYZER_NUMBER_OBJECT_CONVERSION = YES_AGGRESSIVE;
				CLANG_CXX_LANGUAGE_STANDARD = "gnu++20";
				CLANG_ENABLE_MODULES = YES;
				CLANG_ENABLE_OBJC_ARC = YES;
				CLANG_ENABLE_OBJC_WEAK = YES;
				CLANG_WARN_BLOCK_CAPTURE_AUTORELEASING = YES;
				CLANG_WARN_BOOL_CONVERSION = YES;
				CLANG_WARN_COMMA = YES;
				CLANG_WARN_CONSTANT_CONVERSION = YES;
				CLANG_WARN_DEPRECATED_OBJC_IMPLEMENTATIONS = YES;
				CLANG_WARN_DIRECT_OBJC_ISA_USAGE = YES_ERROR;
				CLANG_WARN_DOCUMENTATION_COMMENTS = YES;
				CLANG_WARN_EMPTY_BODY = YES;
				CLANG_WARN_ENUM_CONVERSION = YES;
				CLANG_WARN_INFINITE_RECURSION = YES;
				CLANG_WARN_INT_CONVERSION = YES;
				CLANG_WARN_NON_LITERAL_NULL_CONVERSION = YES;
				CLANG_WARN_OBJC_IMPLICIT_RETAIN_SELF = YES;
				CLANG_WARN_OBJC_LITERAL_CONVERSION = YES;
				CLANG_WARN_OBJC_ROOT_CLASS = YES_ERROR;
				CLANG_WARN_QUOTED_INCLUDE_IN_FRAMEWORK_HEADER = YES;
				CLANG_WARN_RANGE_LOOP_ANALYSIS = YES;
				CLANG_WARN_STRICT_PROTOTYPES = YES;
				CLANG_WARN_SUSPICIOUS_MOVE = YES;
				CLANG_WARN_UNGUARDED_AVAILABILITY = YES_AGGRESSIVE;
				CLANG_WARN_UNREACHABLE_CODE = YES;
				CLANG_WARN__DUPLICATE_METHOD_MATCH = YES;
				COPY_PHASE_STRIP = NO;
				DEBUG_INFORMATION_FORMAT = "dwarf-with-dsym";
				ENABLE_NS_ASSERTIONS = NO;
				ENABLE_STRICT_OBJC_MSGSEND = YES;
				GCC_C_LANGUAGE_STANDARD = gnu11;
				GCC_NO_COMMON_BLOCKS = YES;
				GCC_WARN_64_TO_32_BIT_CONVERSION = YES;
				GCC_WARN_ABOUT_RETURN_TYPE = YES_ERROR;
				GCC_WARN_UNDECLARED_SELECTOR = YES;
				GCC_WARN_UNINITIALIZED_AUTOS = YES_AGGRESSIVE;
				GCC_WARN_UNUSED_FUNCTION = YES;
				GCC_WARN_UNUSED_VARIABLE = YES;
				IPHONEOS_DEPLOYMENT_TARGET = 16.0;
				MTL_ENABLE_DEBUG_INFO = NO;
				MTL_FAST_MATH = YES;
				SDKROOT = iphoneos;
				SWIFT_COMPILATION_MODE = wholemodule;
				SWIFT_OPTIMIZATION_LEVEL = "-O";
				VALIDATE_PRODUCT = YES;
			};
			name = Release;
		};
		57C151B628FC3603002BD16A /* Debug */ = {
			isa = XCBuildConfiguration;
			buildSettings = {
				ASSETCATALOG_COMPILER_APPICON_NAME = AppIcon;
				ASSETCATALOG_COMPILER_GLOBAL_ACCENT_COLOR_NAME = AccentColor;
				CODE_SIGN_STYLE = Automatic;
				CURRENT_PROJECT_VERSION = 1;
				DEVELOPMENT_ASSET_PATHS = "\"Habitus/Preview Content\"";
				DEVELOPMENT_TEAM = 3LPAZYKA42;
				ENABLE_PREVIEWS = YES;
				GENERATE_INFOPLIST_FILE = YES;
				INFOPLIST_FILE = Habitus/Info.plist;
				INFOPLIST_KEY_NSCameraUsageDescription = "";
				INFOPLIST_KEY_NSPhotoLibraryAddUsageDescription = "We need access to your photos to upload a custom image to your profile.";
				INFOPLIST_KEY_NSRemindersUsageDescription = "We need access to reminders for the application to be able to send notifications. ";
				INFOPLIST_KEY_UIApplicationSupportsIndirectInputEvents = YES;
				INFOPLIST_KEY_UILaunchScreen_Generation = YES;
				INFOPLIST_KEY_UISupportedInterfaceOrientations = UIInterfaceOrientationPortrait;
				INFOPLIST_KEY_UISupportedInterfaceOrientations_iPad = "UIInterfaceOrientationLandscapeLeft UIInterfaceOrientationLandscapeRight UIInterfaceOrientationPortrait UIInterfaceOrientationPortraitUpsideDown";
				IPHONEOS_DEPLOYMENT_TARGET = 16.0;
				LD_RUNPATH_SEARCH_PATHS = (
					"$(inherited)",
					"@executable_path/Frameworks",
				);
				MARKETING_VERSION = 1.0;
				PRODUCT_BUNDLE_IDENTIFIER = com.wells.justin.Habitus;
				PRODUCT_NAME = "$(TARGET_NAME)";
				SWIFT_EMIT_LOC_STRINGS = YES;
				SWIFT_VERSION = 5.0;
				TARGETED_DEVICE_FAMILY = 1;
			};
			name = Debug;
		};
		57C151B728FC3603002BD16A /* Release */ = {
			isa = XCBuildConfiguration;
			buildSettings = {
				ASSETCATALOG_COMPILER_APPICON_NAME = AppIcon;
				ASSETCATALOG_COMPILER_GLOBAL_ACCENT_COLOR_NAME = AccentColor;
				CODE_SIGN_STYLE = Automatic;
				CURRENT_PROJECT_VERSION = 1;
				DEVELOPMENT_ASSET_PATHS = "\"Habitus/Preview Content\"";
				DEVELOPMENT_TEAM = 3LPAZYKA42;
				ENABLE_PREVIEWS = YES;
				GENERATE_INFOPLIST_FILE = YES;
				INFOPLIST_FILE = Habitus/Info.plist;
				INFOPLIST_KEY_NSCameraUsageDescription = "";
				INFOPLIST_KEY_NSPhotoLibraryAddUsageDescription = "We need access to your photos to upload a custom image to your profile.";
				INFOPLIST_KEY_NSRemindersUsageDescription = "We need access to reminders for the application to be able to send notifications. ";
				INFOPLIST_KEY_UIApplicationSupportsIndirectInputEvents = YES;
				INFOPLIST_KEY_UILaunchScreen_Generation = YES;
				INFOPLIST_KEY_UISupportedInterfaceOrientations = UIInterfaceOrientationPortrait;
				INFOPLIST_KEY_UISupportedInterfaceOrientations_iPad = "UIInterfaceOrientationLandscapeLeft UIInterfaceOrientationLandscapeRight UIInterfaceOrientationPortrait UIInterfaceOrientationPortraitUpsideDown";
				IPHONEOS_DEPLOYMENT_TARGET = 16.0;
				LD_RUNPATH_SEARCH_PATHS = (
					"$(inherited)",
					"@executable_path/Frameworks",
				);
				MARKETING_VERSION = 1.0;
				PRODUCT_BUNDLE_IDENTIFIER = com.wells.justin.Habitus;
				PRODUCT_NAME = "$(TARGET_NAME)";
				SWIFT_EMIT_LOC_STRINGS = YES;
				SWIFT_VERSION = 5.0;
				TARGETED_DEVICE_FAMILY = 1;
			};
			name = Release;
		};
/* End XCBuildConfiguration section */

/* Begin XCConfigurationList section */
		57C151A228FC3602002BD16A /* Build configuration list for PBXProject "Habitus" */ = {
			isa = XCConfigurationList;
			buildConfigurations = (
				57C151B328FC3603002BD16A /* Debug */,
				57C151B428FC3603002BD16A /* Release */,
			);
			defaultConfigurationIsVisible = 0;
			defaultConfigurationName = Release;
		};
		57C151B528FC3603002BD16A /* Build configuration list for PBXNativeTarget "Habitus" */ = {
			isa = XCConfigurationList;
			buildConfigurations = (
				57C151B628FC3603002BD16A /* Debug */,
				57C151B728FC3603002BD16A /* Release */,
			);
			defaultConfigurationIsVisible = 0;
			defaultConfigurationName = Release;
		};
/* End XCConfigurationList section */

/* Begin XCVersionGroup section */
		579025F9297560CC009649D0 /* Habitus.xcdatamodeld */ = {
			isa = XCVersionGroup;
			children = (
				579025FA297560CC009649D0 /* Habitus.xcdatamodel */,
			);
			currentVersion = 579025FA297560CC009649D0 /* Habitus.xcdatamodel */;
			path = Habitus.xcdatamodeld;
			sourceTree = "<group>";
			versionGroupType = wrapper.xcdatamodel;
		};
/* End XCVersionGroup section */
	};
	rootObject = 57C1519F28FC3602002BD16A /* Project object */;
}
